// !$*UTF8*$!
{
	archiveVersion = 1;
	classes = {
	};
	objectVersion = 56;
	objects = {

/* Begin PBXBuildFile section */
		AD3AA4202BD8CA0800CF181B /* CoreDataRelationshipsBootcamp.swift in Sources */ = {isa = PBXBuildFile; fileRef = AD3AA41F2BD8CA0800CF181B /* CoreDataRelationshipsBootcamp.swift */; };
		AD3AA4232BD8CB7600CF181B /* CoreDataContainer.xcdatamodeld in Sources */ = {isa = PBXBuildFile; fileRef = AD3AA4212BD8CB7600CF181B /* CoreDataContainer.xcdatamodeld */; };
		AD5540872BD3D2D100756233 /* SwiftfulBootcampApp.swift in Sources */ = {isa = PBXBuildFile; fileRef = AD5540862BD3D2D100756233 /* SwiftfulBootcampApp.swift */; };
		AD55408B2BD3D2D300756233 /* Assets.xcassets in Resources */ = {isa = PBXBuildFile; fileRef = AD55408A2BD3D2D300756233 /* Assets.xcassets */; };
		AD55408E2BD3D2D300756233 /* Preview Assets.xcassets in Resources */ = {isa = PBXBuildFile; fileRef = AD55408D2BD3D2D300756233 /* Preview Assets.xcassets */; };
		AD5540952BD3D2F300756233 /* DragGestureBootcamp.swift in Sources */ = {isa = PBXBuildFile; fileRef = AD5540942BD3D2F300756233 /* DragGestureBootcamp.swift */; };
		AD5540972BD3EB3900756233 /* GeometryReaderBootcamp.swift in Sources */ = {isa = PBXBuildFile; fileRef = AD5540962BD3EB3900756233 /* GeometryReaderBootcamp.swift */; };
		AD5540992BD4E18300756233 /* MaskBootcamp.swift in Sources */ = {isa = PBXBuildFile; fileRef = AD5540982BD4E18300756233 /* MaskBootcamp.swift */; };
		AD55409B2BD5346500756233 /* SoundBootcamp.swift in Sources */ = {isa = PBXBuildFile; fileRef = AD55409A2BD5346500756233 /* SoundBootcamp.swift */; };
		AD55409F2BD53E9500756233 /* tada.mp3 in Resources */ = {isa = PBXBuildFile; fileRef = AD55409E2BD53E9500756233 /* tada.mp3 */; };
		AD5540A12BD53EA500756233 /* ding.mp3 in Resources */ = {isa = PBXBuildFile; fileRef = AD5540A02BD53EA500756233 /* ding.mp3 */; };
		AD5540A32BD5438100756233 /* LocalNotificationBootcamp.swift in Sources */ = {isa = PBXBuildFile; fileRef = AD5540A22BD5438100756233 /* LocalNotificationBootcamp.swift */; };
		AD5540A72BD7F8A200756233 /* CoreDataBootcamp.swift in Sources */ = {isa = PBXBuildFile; fileRef = AD5540A62BD7F8A200756233 /* CoreDataBootcamp.swift */; };
		AD5540AA2BD7F9D600756233 /* FruitsContainer.xcdatamodeld in Sources */ = {isa = PBXBuildFile; fileRef = AD5540A82BD7F9D600756233 /* FruitsContainer.xcdatamodeld */; };
		AD6003FE2BDA17EE009AB89A /* BackgroundThreadBootcamp.swift in Sources */ = {isa = PBXBuildFile; fileRef = AD6003FD2BDA17EE009AB89A /* BackgroundThreadBootcamp.swift */; };
		AD6004002BDA243A009AB89A /* WeakSelfBootcamp.swift in Sources */ = {isa = PBXBuildFile; fileRef = AD6003FF2BDA243A009AB89A /* WeakSelfBootcamp.swift */; };
		AD6004022BDA2E54009AB89A /* TypealiasBootcamp.swift in Sources */ = {isa = PBXBuildFile; fileRef = AD6004012BDA2E54009AB89A /* TypealiasBootcamp.swift */; };
		AD6004042BDA30BA009AB89A /* EscapingClosuresBootcamp.swift in Sources */ = {isa = PBXBuildFile; fileRef = AD6004032BDA30BA009AB89A /* EscapingClosuresBootcamp.swift */; };
		ADE17CAD2BE1694F00723120 /* CombineBootcamp.swift in Sources */ = {isa = PBXBuildFile; fileRef = ADE17CAC2BE1694F00723120 /* CombineBootcamp.swift */; };
/* End PBXBuildFile section */

/* Begin PBXFileReference section */
		AD3AA41F2BD8CA0800CF181B /* CoreDataRelationshipsBootcamp.swift */ = {isa = PBXFileReference; lastKnownFileType = sourcecode.swift; path = CoreDataRelationshipsBootcamp.swift; sourceTree = "<group>"; };
		AD3AA4222BD8CB7600CF181B /* CoreDataContainer.xcdatamodel */ = {isa = PBXFileReference; lastKnownFileType = wrapper.xcdatamodel; path = CoreDataContainer.xcdatamodel; sourceTree = "<group>"; };
		AD5540832BD3D2D100756233 /* SwiftfulBootcamp.app */ = {isa = PBXFileReference; explicitFileType = wrapper.application; includeInIndex = 0; path = SwiftfulBootcamp.app; sourceTree = BUILT_PRODUCTS_DIR; };
		AD5540862BD3D2D100756233 /* SwiftfulBootcampApp.swift */ = {isa = PBXFileReference; lastKnownFileType = sourcecode.swift; path = SwiftfulBootcampApp.swift; sourceTree = "<group>"; };
		AD55408A2BD3D2D300756233 /* Assets.xcassets */ = {isa = PBXFileReference; lastKnownFileType = folder.assetcatalog; path = Assets.xcassets; sourceTree = "<group>"; };
		AD55408D2BD3D2D300756233 /* Preview Assets.xcassets */ = {isa = PBXFileReference; lastKnownFileType = folder.assetcatalog; path = "Preview Assets.xcassets"; sourceTree = "<group>"; };
		AD5540942BD3D2F300756233 /* DragGestureBootcamp.swift */ = {isa = PBXFileReference; lastKnownFileType = sourcecode.swift; path = DragGestureBootcamp.swift; sourceTree = "<group>"; };
		AD5540962BD3EB3900756233 /* GeometryReaderBootcamp.swift */ = {isa = PBXFileReference; lastKnownFileType = sourcecode.swift; path = GeometryReaderBootcamp.swift; sourceTree = "<group>"; };
		AD5540982BD4E18300756233 /* MaskBootcamp.swift */ = {isa = PBXFileReference; lastKnownFileType = sourcecode.swift; path = MaskBootcamp.swift; sourceTree = "<group>"; };
		AD55409A2BD5346500756233 /* SoundBootcamp.swift */ = {isa = PBXFileReference; lastKnownFileType = sourcecode.swift; path = SoundBootcamp.swift; sourceTree = "<group>"; };
		AD55409E2BD53E9500756233 /* tada.mp3 */ = {isa = PBXFileReference; lastKnownFileType = audio.mp3; path = tada.mp3; sourceTree = "<group>"; };
		AD5540A02BD53EA500756233 /* ding.mp3 */ = {isa = PBXFileReference; lastKnownFileType = audio.mp3; path = ding.mp3; sourceTree = "<group>"; };
		AD5540A22BD5438100756233 /* LocalNotificationBootcamp.swift */ = {isa = PBXFileReference; lastKnownFileType = sourcecode.swift; path = LocalNotificationBootcamp.swift; sourceTree = "<group>"; };
		AD5540A62BD7F8A200756233 /* CoreDataBootcamp.swift */ = {isa = PBXFileReference; lastKnownFileType = sourcecode.swift; path = CoreDataBootcamp.swift; sourceTree = "<group>"; };
		AD5540A92BD7F9D600756233 /* FruitsContainer.xcdatamodel */ = {isa = PBXFileReference; lastKnownFileType = wrapper.xcdatamodel; path = FruitsContainer.xcdatamodel; sourceTree = "<group>"; };
		AD6003FD2BDA17EE009AB89A /* BackgroundThreadBootcamp.swift */ = {isa = PBXFileReference; lastKnownFileType = sourcecode.swift; path = BackgroundThreadBootcamp.swift; sourceTree = "<group>"; };
		AD6003FF2BDA243A009AB89A /* WeakSelfBootcamp.swift */ = {isa = PBXFileReference; lastKnownFileType = sourcecode.swift; path = WeakSelfBootcamp.swift; sourceTree = "<group>"; };
		AD6004012BDA2E54009AB89A /* TypealiasBootcamp.swift */ = {isa = PBXFileReference; lastKnownFileType = sourcecode.swift; path = TypealiasBootcamp.swift; sourceTree = "<group>"; };
		AD6004032BDA30BA009AB89A /* EscapingClosuresBootcamp.swift */ = {isa = PBXFileReference; lastKnownFileType = sourcecode.swift; path = EscapingClosuresBootcamp.swift; sourceTree = "<group>"; };
		ADE17CAC2BE1694F00723120 /* CombineBootcamp.swift */ = {isa = PBXFileReference; lastKnownFileType = sourcecode.swift; path = CombineBootcamp.swift; sourceTree = "<group>"; };
/* End PBXFileReference section */

/* Begin PBXFrameworksBuildPhase section */
		AD5540802BD3D2D100756233 /* Frameworks */ = {
			isa = PBXFrameworksBuildPhase;
			buildActionMask = 2147483647;
			files = (
			);
			runOnlyForDeploymentPostprocessing = 0;
		};
/* End PBXFrameworksBuildPhase section */

/* Begin PBXGroup section */
		AD55407A2BD3D2D100756233 = {
			isa = PBXGroup;
			children = (
				AD5540852BD3D2D100756233 /* SwiftfulBootcamp */,
				AD5540842BD3D2D100756233 /* Products */,
			);
			sourceTree = "<group>";
		};
		AD5540842BD3D2D100756233 /* Products */ = {
			isa = PBXGroup;
			children = (
				AD5540832BD3D2D100756233 /* SwiftfulBootcamp.app */,
			);
			name = Products;
			sourceTree = "<group>";
		};
		AD5540852BD3D2D100756233 /* SwiftfulBootcamp */ = {
			isa = PBXGroup;
			children = (
				AD5540862BD3D2D100756233 /* SwiftfulBootcampApp.swift */,
				AD55409C2BD53E7400756233 /* Resources */,
				AD5540942BD3D2F300756233 /* DragGestureBootcamp.swift */,
				AD5540962BD3EB3900756233 /* GeometryReaderBootcamp.swift */,
				AD5540982BD4E18300756233 /* MaskBootcamp.swift */,
				AD55409A2BD5346500756233 /* SoundBootcamp.swift */,
				AD5540A22BD5438100756233 /* LocalNotificationBootcamp.swift */,
				AD5540A62BD7F8A200756233 /* CoreDataBootcamp.swift */,
				AD3AA41F2BD8CA0800CF181B /* CoreDataRelationshipsBootcamp.swift */,
				AD6003FD2BDA17EE009AB89A /* BackgroundThreadBootcamp.swift */,
				AD6003FF2BDA243A009AB89A /* WeakSelfBootcamp.swift */,
				AD6004012BDA2E54009AB89A /* TypealiasBootcamp.swift */,
				AD6004032BDA30BA009AB89A /* EscapingClosuresBootcamp.swift */,
				ADE17CAC2BE1694F00723120 /* CombineBootcamp.swift */,
				AD55408C2BD3D2D300756233 /* Preview Content */,
			);
			path = SwiftfulBootcamp;
			sourceTree = "<group>";
		};
		AD55408C2BD3D2D300756233 /* Preview Content */ = {
			isa = PBXGroup;
			children = (
				AD55408D2BD3D2D300756233 /* Preview Assets.xcassets */,
			);
			path = "Preview Content";
			sourceTree = "<group>";
		};
		AD55409C2BD53E7400756233 /* Resources */ = {
			isa = PBXGroup;
			children = (
				AD55408A2BD3D2D300756233 /* Assets.xcassets */,
				AD55409D2BD53E8900756233 /* Sounds */,
				AD5540A82BD7F9D600756233 /* FruitsContainer.xcdatamodeld */,
				AD3AA4212BD8CB7600CF181B /* CoreDataContainer.xcdatamodeld */,
			);
			path = Resources;
			sourceTree = "<group>";
		};
		AD55409D2BD53E8900756233 /* Sounds */ = {
			isa = PBXGroup;
			children = (
				AD5540A02BD53EA500756233 /* ding.mp3 */,
				AD55409E2BD53E9500756233 /* tada.mp3 */,
			);
			path = Sounds;
			sourceTree = "<group>";
		};
/* End PBXGroup section */

/* Begin PBXNativeTarget section */
		AD5540822BD3D2D100756233 /* SwiftfulBootcamp */ = {
			isa = PBXNativeTarget;
			buildConfigurationList = AD5540912BD3D2D300756233 /* Build configuration list for PBXNativeTarget "SwiftfulBootcamp" */;
			buildPhases = (
				AD55407F2BD3D2D100756233 /* Sources */,
				AD5540802BD3D2D100756233 /* Frameworks */,
				AD5540812BD3D2D100756233 /* Resources */,
			);
			buildRules = (
			);
			dependencies = (
			);
			name = SwiftfulBootcamp;
			productName = SwiftfulBootcamp;
			productReference = AD5540832BD3D2D100756233 /* SwiftfulBootcamp.app */;
			productType = "com.apple.product-type.application";
		};
/* End PBXNativeTarget section */

/* Begin PBXProject section */
		AD55407B2BD3D2D100756233 /* Project object */ = {
			isa = PBXProject;
			attributes = {
				BuildIndependentTargetsInParallel = 1;
				LastSwiftUpdateCheck = 1520;
				LastUpgradeCheck = 1520;
				TargetAttributes = {
					AD5540822BD3D2D100756233 = {
						CreatedOnToolsVersion = 15.2;
					};
				};
			};
			buildConfigurationList = AD55407E2BD3D2D100756233 /* Build configuration list for PBXProject "SwiftfulBootcamp" */;
			compatibilityVersion = "Xcode 14.0";
			developmentRegion = en;
			hasScannedForEncodings = 0;
			knownRegions = (
				en,
				Base,
			);
			mainGroup = AD55407A2BD3D2D100756233;
			productRefGroup = AD5540842BD3D2D100756233 /* Products */;
			projectDirPath = "";
			projectRoot = "";
			targets = (
				AD5540822BD3D2D100756233 /* SwiftfulBootcamp */,
			);
		};
/* End PBXProject section */

/* Begin PBXResourcesBuildPhase section */
		AD5540812BD3D2D100756233 /* Resources */ = {
			isa = PBXResourcesBuildPhase;
			buildActionMask = 2147483647;
			files = (
				AD55408E2BD3D2D300756233 /* Preview Assets.xcassets in Resources */,
				AD5540A12BD53EA500756233 /* ding.mp3 in Resources */,
				AD55409F2BD53E9500756233 /* tada.mp3 in Resources */,
				AD55408B2BD3D2D300756233 /* Assets.xcassets in Resources */,
			);
			runOnlyForDeploymentPostprocessing = 0;
		};
/* End PBXResourcesBuildPhase section */

/* Begin PBXSourcesBuildPhase section */
		AD55407F2BD3D2D100756233 /* Sources */ = {
			isa = PBXSourcesBuildPhase;
			buildActionMask = 2147483647;
			files = (
				AD6004022BDA2E54009AB89A /* TypealiasBootcamp.swift in Sources */,
				AD6004042BDA30BA009AB89A /* EscapingClosuresBootcamp.swift in Sources */,
				AD6004002BDA243A009AB89A /* WeakSelfBootcamp.swift in Sources */,
				ADE17CAD2BE1694F00723120 /* CombineBootcamp.swift in Sources */,
				AD5540AA2BD7F9D600756233 /* FruitsContainer.xcdatamodeld in Sources */,
				AD5540992BD4E18300756233 /* MaskBootcamp.swift in Sources */,
				AD6003FE2BDA17EE009AB89A /* BackgroundThreadBootcamp.swift in Sources */,
				AD5540A72BD7F8A200756233 /* CoreDataBootcamp.swift in Sources */,
				AD5540952BD3D2F300756233 /* DragGestureBootcamp.swift in Sources */,
				AD55409B2BD5346500756233 /* SoundBootcamp.swift in Sources */,
				AD5540872BD3D2D100756233 /* SwiftfulBootcampApp.swift in Sources */,
				AD3AA4202BD8CA0800CF181B /* CoreDataRelationshipsBootcamp.swift in Sources */,
				AD5540A32BD5438100756233 /* LocalNotificationBootcamp.swift in Sources */,
				AD3AA4232BD8CB7600CF181B /* CoreDataContainer.xcdatamodeld in Sources */,
				AD5540972BD3EB3900756233 /* GeometryReaderBootcamp.swift in Sources */,
			);
			runOnlyForDeploymentPostprocessing = 0;
		};
/* End PBXSourcesBuildPhase section */

/* Begin XCBuildConfiguration section */
		AD55408F2BD3D2D300756233 /* Debug */ = {
			isa = XCBuildConfiguration;
			buildSettings = {
				ALWAYS_SEARCH_USER_PATHS = NO;
				ASSETCATALOG_COMPILER_GENERATE_SWIFT_ASSET_SYMBOL_EXTENSIONS = YES;
				CLANG_ANALYZER_NONNULL = YES;
				CLANG_ANALYZER_NUMBER_OBJECT_CONVERSION = YES_AGGRESSIVE;
				CLANG_CXX_LANGUAGE_STANDARD = "gnu++20";
				CLANG_ENABLE_MODULES = YES;
				CLANG_ENABLE_OBJC_ARC = YES;
				CLANG_ENABLE_OBJC_WEAK = YES;
				CLANG_WARN_BLOCK_CAPTURE_AUTORELEASING = YES;
				CLANG_WARN_BOOL_CONVERSION = YES;
				CLANG_WARN_COMMA = YES;
				CLANG_WARN_CONSTANT_CONVERSION = YES;
				CLANG_WARN_DEPRECATED_OBJC_IMPLEMENTATIONS = YES;
				CLANG_WARN_DIRECT_OBJC_ISA_USAGE = YES_ERROR;
				CLANG_WARN_DOCUMENTATION_COMMENTS = YES;
				CLANG_WARN_EMPTY_BODY = YES;
				CLANG_WARN_ENUM_CONVERSION = YES;
				CLANG_WARN_INFINITE_RECURSION = YES;
				CLANG_WARN_INT_CONVERSION = YES;
				CLANG_WARN_NON_LITERAL_NULL_CONVERSION = YES;
				CLANG_WARN_OBJC_IMPLICIT_RETAIN_SELF = YES;
				CLANG_WARN_OBJC_LITERAL_CONVERSION = YES;
				CLANG_WARN_OBJC_ROOT_CLASS = YES_ERROR;
				CLANG_WARN_QUOTED_INCLUDE_IN_FRAMEWORK_HEADER = YES;
				CLANG_WARN_RANGE_LOOP_ANALYSIS = YES;
				CLANG_WARN_STRICT_PROTOTYPES = YES;
				CLANG_WARN_SUSPICIOUS_MOVE = YES;
				CLANG_WARN_UNGUARDED_AVAILABILITY = YES_AGGRESSIVE;
				CLANG_WARN_UNREACHABLE_CODE = YES;
				CLANG_WARN__DUPLICATE_METHOD_MATCH = YES;
				COPY_PHASE_STRIP = NO;
				DEBUG_INFORMATION_FORMAT = dwarf;
				ENABLE_STRICT_OBJC_MSGSEND = YES;
				ENABLE_TESTABILITY = YES;
				ENABLE_USER_SCRIPT_SANDBOXING = YES;
				GCC_C_LANGUAGE_STANDARD = gnu17;
				GCC_DYNAMIC_NO_PIC = NO;
				GCC_NO_COMMON_BLOCKS = YES;
				GCC_OPTIMIZATION_LEVEL = 0;
				GCC_PREPROCESSOR_DEFINITIONS = (
					"DEBUG=1",
					"$(inherited)",
				);
				GCC_WARN_64_TO_32_BIT_CONVERSION = YES;
				GCC_WARN_ABOUT_RETURN_TYPE = YES_ERROR;
				GCC_WARN_UNDECLARED_SELECTOR = YES;
				GCC_WARN_UNINITIALIZED_AUTOS = YES_AGGRESSIVE;
				GCC_WARN_UNUSED_FUNCTION = YES;
				GCC_WARN_UNUSED_VARIABLE = YES;
				IPHONEOS_DEPLOYMENT_TARGET = 17.2;
				LOCALIZATION_PREFERS_STRING_CATALOGS = YES;
				MTL_ENABLE_DEBUG_INFO = INCLUDE_SOURCE;
				MTL_FAST_MATH = YES;
				ONLY_ACTIVE_ARCH = YES;
				SDKROOT = iphoneos;
				SWIFT_ACTIVE_COMPILATION_CONDITIONS = "DEBUG $(inherited)";
				SWIFT_OPTIMIZATION_LEVEL = "-Onone";
			};
			name = Debug;
		};
		AD5540902BD3D2D300756233 /* Release */ = {
			isa = XCBuildConfiguration;
			buildSettings = {
				ALWAYS_SEARCH_USER_PATHS = NO;
				ASSETCATALOG_COMPILER_GENERATE_SWIFT_ASSET_SYMBOL_EXTENSIONS = YES;
				CLANG_ANALYZER_NONNULL = YES;
				CLANG_ANALYZER_NUMBER_OBJECT_CONVERSION = YES_AGGRESSIVE;
				CLANG_CXX_LANGUAGE_STANDARD = "gnu++20";
				CLANG_ENABLE_MODULES = YES;
				CLANG_ENABLE_OBJC_ARC = YES;
				CLANG_ENABLE_OBJC_WEAK = YES;
				CLANG_WARN_BLOCK_CAPTURE_AUTORELEASING = YES;
				CLANG_WARN_BOOL_CONVERSION = YES;
				CLANG_WARN_COMMA = YES;
				CLANG_WARN_CONSTANT_CONVERSION = YES;
				CLANG_WARN_DEPRECATED_OBJC_IMPLEMENTATIONS = YES;
				CLANG_WARN_DIRECT_OBJC_ISA_USAGE = YES_ERROR;
				CLANG_WARN_DOCUMENTATION_COMMENTS = YES;
				CLANG_WARN_EMPTY_BODY = YES;
				CLANG_WARN_ENUM_CONVERSION = YES;
				CLANG_WARN_INFINITE_RECURSION = YES;
				CLANG_WARN_INT_CONVERSION = YES;
				CLANG_WARN_NON_LITERAL_NULL_CONVERSION = YES;
				CLANG_WARN_OBJC_IMPLICIT_RETAIN_SELF = YES;
				CLANG_WARN_OBJC_LITERAL_CONVERSION = YES;
				CLANG_WARN_OBJC_ROOT_CLASS = YES_ERROR;
				CLANG_WARN_QUOTED_INCLUDE_IN_FRAMEWORK_HEADER = YES;
				CLANG_WARN_RANGE_LOOP_ANALYSIS = YES;
				CLANG_WARN_STRICT_PROTOTYPES = YES;
				CLANG_WARN_SUSPICIOUS_MOVE = YES;
				CLANG_WARN_UNGUARDED_AVAILABILITY = YES_AGGRESSIVE;
				CLANG_WARN_UNREACHABLE_CODE = YES;
				CLANG_WARN__DUPLICATE_METHOD_MATCH = YES;
				COPY_PHASE_STRIP = NO;
				DEBUG_INFORMATION_FORMAT = "dwarf-with-dsym";
				ENABLE_NS_ASSERTIONS = NO;
				ENABLE_STRICT_OBJC_MSGSEND = YES;
				ENABLE_USER_SCRIPT_SANDBOXING = YES;
				GCC_C_LANGUAGE_STANDARD = gnu17;
				GCC_NO_COMMON_BLOCKS = YES;
				GCC_WARN_64_TO_32_BIT_CONVERSION = YES;
				GCC_WARN_ABOUT_RETURN_TYPE = YES_ERROR;
				GCC_WARN_UNDECLARED_SELECTOR = YES;
				GCC_WARN_UNINITIALIZED_AUTOS = YES_AGGRESSIVE;
				GCC_WARN_UNUSED_FUNCTION = YES;
				GCC_WARN_UNUSED_VARIABLE = YES;
				IPHONEOS_DEPLOYMENT_TARGET = 17.2;
				LOCALIZATION_PREFERS_STRING_CATALOGS = YES;
				MTL_ENABLE_DEBUG_INFO = NO;
				MTL_FAST_MATH = YES;
				SDKROOT = iphoneos;
				SWIFT_COMPILATION_MODE = wholemodule;
				VALIDATE_PRODUCT = YES;
			};
			name = Release;
		};
		AD5540922BD3D2D300756233 /* Debug */ = {
			isa = XCBuildConfiguration;
			buildSettings = {
				ASSETCATALOG_COMPILER_APPICON_NAME = AppIcon;
				ASSETCATALOG_COMPILER_GLOBAL_ACCENT_COLOR_NAME = AccentColor;
				CODE_SIGN_STYLE = Automatic;
				CURRENT_PROJECT_VERSION = 1;
				DEVELOPMENT_ASSET_PATHS = "\"SwiftfulBootcamp/Preview Content\"";
				DEVELOPMENT_TEAM = 92M23D65YY;
				ENABLE_PREVIEWS = YES;
				GENERATE_INFOPLIST_FILE = YES;
				INFOPLIST_KEY_UIApplicationSceneManifest_Generation = YES;
				INFOPLIST_KEY_UIApplicationSupportsIndirectInputEvents = YES;
				INFOPLIST_KEY_UILaunchScreen_Generation = YES;
				INFOPLIST_KEY_UISupportedInterfaceOrientations_iPad = "UIInterfaceOrientationPortrait UIInterfaceOrientationPortraitUpsideDown UIInterfaceOrientationLandscapeLeft UIInterfaceOrientationLandscapeRight";
				INFOPLIST_KEY_UISupportedInterfaceOrientations_iPhone = "UIInterfaceOrientationPortrait UIInterfaceOrientationLandscapeLeft UIInterfaceOrientationLandscapeRight";
				LD_RUNPATH_SEARCH_PATHS = (
					"$(inherited)",
					"@executable_path/Frameworks",
				);
				MARKETING_VERSION = 1.0;
				PRODUCT_BUNDLE_IDENTIFIER = com.akbarshah.SwiftfulBootcamp;
				PRODUCT_NAME = "$(TARGET_NAME)";
				SWIFT_EMIT_LOC_STRINGS = YES;
				SWIFT_VERSION = 5.0;
				TARGETED_DEVICE_FAMILY = "1,2";
			};
			name = Debug;
		};
		AD5540932BD3D2D300756233 /* Release */ = {
			isa = XCBuildConfiguration;
			buildSettings = {
				ASSETCATALOG_COMPILER_APPICON_NAME = AppIcon;
				ASSETCATALOG_COMPILER_GLOBAL_ACCENT_COLOR_NAME = AccentColor;
				CODE_SIGN_STYLE = Automatic;
				CURRENT_PROJECT_VERSION = 1;
				DEVELOPMENT_ASSET_PATHS = "\"SwiftfulBootcamp/Preview Content\"";
				DEVELOPMENT_TEAM = 92M23D65YY;
				ENABLE_PREVIEWS = YES;
				GENERATE_INFOPLIST_FILE = YES;
				INFOPLIST_KEY_UIApplicationSceneManifest_Generation = YES;
				INFOPLIST_KEY_UIApplicationSupportsIndirectInputEvents = YES;
				INFOPLIST_KEY_UILaunchScreen_Generation = YES;
				INFOPLIST_KEY_UISupportedInterfaceOrientations_iPad = "UIInterfaceOrientationPortrait UIInterfaceOrientationPortraitUpsideDown UIInterfaceOrientationLandscapeLeft UIInterfaceOrientationLandscapeRight";
				INFOPLIST_KEY_UISupportedInterfaceOrientations_iPhone = "UIInterfaceOrientationPortrait UIInterfaceOrientationLandscapeLeft UIInterfaceOrientationLandscapeRight";
				LD_RUNPATH_SEARCH_PATHS = (
					"$(inherited)",
					"@executable_path/Frameworks",
				);
				MARKETING_VERSION = 1.0;
				PRODUCT_BUNDLE_IDENTIFIER = com.akbarshah.SwiftfulBootcamp;
				PRODUCT_NAME = "$(TARGET_NAME)";
				SWIFT_EMIT_LOC_STRINGS = YES;
				SWIFT_VERSION = 5.0;
				TARGETED_DEVICE_FAMILY = "1,2";
			};
			name = Release;
		};
/* End XCBuildConfiguration section */

/* Begin XCConfigurationList section */
		AD55407E2BD3D2D100756233 /* Build configuration list for PBXProject "SwiftfulBootcamp" */ = {
			isa = XCConfigurationList;
			buildConfigurations = (
				AD55408F2BD3D2D300756233 /* Debug */,
				AD5540902BD3D2D300756233 /* Release */,
			);
			defaultConfigurationIsVisible = 0;
			defaultConfigurationName = Release;
		};
		AD5540912BD3D2D300756233 /* Build configuration list for PBXNativeTarget "SwiftfulBootcamp" */ = {
			isa = XCConfigurationList;
			buildConfigurations = (
				AD5540922BD3D2D300756233 /* Debug */,
				AD5540932BD3D2D300756233 /* Release */,
			);
			defaultConfigurationIsVisible = 0;
			defaultConfigurationName = Release;
		};
/* End XCConfigurationList section */

/* Begin XCVersionGroup section */
		AD3AA4212BD8CB7600CF181B /* CoreDataContainer.xcdatamodeld */ = {
			isa = XCVersionGroup;
			children = (
				AD3AA4222BD8CB7600CF181B /* CoreDataContainer.xcdatamodel */,
			);
			currentVersion = AD3AA4222BD8CB7600CF181B /* CoreDataContainer.xcdatamodel */;
			path = CoreDataContainer.xcdatamodeld;
			sourceTree = "<group>";
			versionGroupType = wrapper.xcdatamodel;
		};
		AD5540A82BD7F9D600756233 /* FruitsContainer.xcdatamodeld */ = {
			isa = XCVersionGroup;
			children = (
				AD5540A92BD7F9D600756233 /* FruitsContainer.xcdatamodel */,
			);
			currentVersion = AD5540A92BD7F9D600756233 /* FruitsContainer.xcdatamodel */;
			path = FruitsContainer.xcdatamodeld;
			sourceTree = "<group>";
			versionGroupType = wrapper.xcdatamodel;
		};
/* End XCVersionGroup section */
	};
	rootObject = AD55407B2BD3D2D100756233 /* Project object */;
}
